
Microsoft Visual Studio Solution File, Format Version 12.00
# Visual Studio Version 17
VisualStudioVersion = 17.9.34728.123
MinimumVisualStudioVersion = 10.0.40219.1
Project("{FAE04EC0-301F-11D3-BF4B-00C04F79EFBC}") = "RestWoodPellets", "RestWoodPellets\RestWoodPellets.csproj", "{6E791ACC-117A-49E9-B187-05FD06CB32B0}"
EndProject
Project("{FAE04EC0-301F-11D3-BF4B-00C04F79EFBC}") = "RestWoodPelletsTests", "RestWoodPelletsTests\RestWoodPelletsTests.csproj", "{6E190AAC-DF32-48E0-8DA1-30C5DF5C6829}"
EndProject
Global
	GlobalSection(SolutionConfigurationPlatforms) = preSolution
		Debug|Any CPU = Debug|Any CPU
		Release|Any CPU = Release|Any CPU
	EndGlobalSection
	GlobalSection(ProjectConfigurationPlatforms) = postSolution
		{6E791ACC-117A-49E9-B187-05FD06CB32B0}.Debug|Any CPU.ActiveCfg = Debug|Any CPU
		{6E791ACC-117A-49E9-B187-05FD06CB32B0}.Debug|Any CPU.Build.0 = Debug|Any CPU
		{6E791ACC-117A-49E9-B187-05FD06CB32B0}.Release|Any CPU.ActiveCfg = Release|Any CPU
		{6E791ACC-117A-49E9-B187-05FD06CB32B0}.Release|Any CPU.Build.0 = Release|Any CPU
		{6E190AAC-DF32-48E0-8DA1-30C5DF5C6829}.Debug|Any CPU.ActiveCfg = Debug|Any CPU
		{6E190AAC-DF32-48E0-8DA1-30C5DF5C6829}.Debug|Any CPU.Build.0 = Debug|Any CPU
		{6E190AAC-DF32-48E0-8DA1-30C5DF5C6829}.Release|Any CPU.ActiveCfg = Release|Any CPU
		{6E190AAC-DF32-48E0-8DA1-30C5DF5C6829}.Release|Any CPU.Build.0 = Release|Any CPU
	EndGlobalSection
	GlobalSection(SolutionProperties) = preSolution
		HideSolutionNode = FALSE
	EndGlobalSection
	GlobalSection(ExtensibilityGlobals) = postSolution
		SolutionGuid = {26E55A0A-C8DA-46F8-B3BF-99277DAA9C1B}
	EndGlobalSection
EndGlobal
